
Microsoft Visual Studio Solution File, Format Version 12.00
# Visual Studio Version 16
VisualStudioVersion = 16.0.29306.81
MinimumVisualStudioVersion = 10.0.40219.1
Project("{FAE04EC0-301F-11D3-BF4B-00C04F79EFBC}") = "Lora", "Lora\Lora.csproj", "{C86C5154-9545-4F1F-A6A2-5FF7B8B76946}"
EndProject
Global
	GlobalSection(SolutionConfigurationPlatforms) = preSolution
		Debug|Any CPU = Debug|Any CPU
		Release|Any CPU = Release|Any CPU
	EndGlobalSection
	GlobalSection(ProjectConfigurationPlatforms) = postSolution
		{C86C5154-9545-4F1F-A6A2-5FF7B8B76946}.Debug|Any CPU.ActiveCfg = Debug|Any CPU
		{C86C5154-9545-4F1F-A6A2-5FF7B8B76946}.Debug|Any CPU.Build.0 = Debug|Any CPU
		{C86C5154-9545-4F1F-A6A2-5FF7B8B76946}.Release|Any CPU.ActiveCfg = Release|Any CPU
		{C86C5154-9545-4F1F-A6A2-5FF7B8B76946}.Release|Any CPU.Build.0 = Release|Any CPU
	EndGlobalSection
	GlobalSection(SolutionProperties) = preSolution
		HideSolutionNode = FALSE
	EndGlobalSection
	GlobalSection(ExtensibilityGlobals) = postSolution
		SolutionGuid = {00EF581E-0C4D-4AB4-96B7-14C0A704C23D}
	EndGlobalSection
EndGlobal
